
Microsoft Visual Studio Solution File, Format Version 12.00
# Visual Studio Version 17
VisualStudioVersion = 17.3.32811.315
MinimumVisualStudioVersion = 10.0.40219.1
Project("{FAE04EC0-301F-11D3-BF4B-00C04F79EFBC}") = "Uppgift 6.1", "Uppgift 6.1\Uppgift 6.1.csproj", "{B56B8B5A-C906-45FD-8AC1-E24F7F34206B}"
EndProject
Global
	GlobalSection(SolutionConfigurationPlatforms) = preSolution
		Debug|Any CPU = Debug|Any CPU
		Release|Any CPU = Release|Any CPU
	EndGlobalSection
	GlobalSection(ProjectConfigurationPlatforms) = postSolution
		{B56B8B5A-C906-45FD-8AC1-E24F7F34206B}.Debug|Any CPU.ActiveCfg = Debug|Any CPU
		{B56B8B5A-C906-45FD-8AC1-E24F7F34206B}.Debug|Any CPU.Build.0 = Debug|Any CPU
		{B56B8B5A-C906-45FD-8AC1-E24F7F34206B}.Release|Any CPU.ActiveCfg = Release|Any CPU
		{B56B8B5A-C906-45FD-8AC1-E24F7F34206B}.Release|Any CPU.Build.0 = Release|Any CPU
	EndGlobalSection
	GlobalSection(SolutionProperties) = preSolution
		HideSolutionNode = FALSE
	EndGlobalSection
	GlobalSection(ExtensibilityGlobals) = postSolution
		SolutionGuid = {4D36046B-E5A7-410C-85C6-42686AD6DF30}
	EndGlobalSection
EndGlobal
